
Microsoft Visual Studio Solution File, Format Version 12.00
# Visual Studio 15
VisualStudioVersion = 15.0.26730.16
MinimumVisualStudioVersion = 10.0.40219.1
Project("{FAE04EC0-301F-11D3-BF4B-00C04F79EFBC}") = "Pendu.Web", "Pendu\Pendu.Web.csproj", "{3EDFA359-9568-46A0-8648-91B78B6BEFC1}"
EndProject
Project("{FAE04EC0-301F-11D3-BF4B-00C04F79EFBC}") = "Pendu.Tests", "Pendu.Tests\Pendu.Tests.csproj", "{9B2A0E46-ABE4-4E70-87F5-D7D3045D3D01}"
EndProject
Project("{2150E333-8FDC-42A3-9474-1A3956D46DE8}") = "Core", "Core", "{34F9428A-DBC7-4B3C-9E78-7F3232A0F493}"
EndProject
Project("{2150E333-8FDC-42A3-9474-1A3956D46DE8}") = "Web", "Web", "{5BD75C92-2E41-42B0-8E22-DBAAECE71DA4}"
	ProjectSection(SolutionItems) = preProject
		Pendu\App_Start\RouteConfig.cs = Pendu\App_Start\RouteConfig.cs
	EndProjectSection
EndProject
Project("{2150E333-8FDC-42A3-9474-1A3956D46DE8}") = "Tests", "Tests", "{8460F8A3-5575-4E9C-8629-ED7BE2D0DD4F}"
EndProject
Project("{2150E333-8FDC-42A3-9474-1A3956D46DE8}") = "Persistence", "Persistence", "{88F0AC29-4B48-4213-B002-AD976D8459F2}"
EndProject
Project("{2150E333-8FDC-42A3-9474-1A3956D46DE8}") = "ServiceLayer", "ServiceLayer", "{A8E6DA04-1BE6-417B-86EA-EB8467E9F140}"
EndProject
Project("{FAE04EC0-301F-11D3-BF4B-00C04F79EFBC}") = "Pendu.Common", "Pendu.Common\Pendu.Common.csproj", "{9741988F-F898-4515-B3C4-B6630D9AA85F}"
EndProject
Project("{FAE04EC0-301F-11D3-BF4B-00C04F79EFBC}") = "Pendu.Entities", "Pendu.Entities\Pendu.Entities.csproj", "{B828185C-3065-4357-918D-26C896494A59}"
EndProject
Project("{FAE04EC0-301F-11D3-BF4B-00C04F79EFBC}") = "Pendu.Persistence", "Pendu.Persistence\Pendu.Persistence.csproj", "{949447D8-C2F4-4CF6-875A-5B3CBC6FC09B}"
EndProject
Project("{FAE04EC0-301F-11D3-BF4B-00C04F79EFBC}") = "Pendu.Interfaces", "Pendu.Interfaces\Pendu.Interfaces.csproj", "{493C4A92-A9CA-400F-9A88-911E904B66CB}"
EndProject
Global
	GlobalSection(SolutionConfigurationPlatforms) = preSolution
		Debug|Any CPU = Debug|Any CPU
		Release|Any CPU = Release|Any CPU
	EndGlobalSection
	GlobalSection(ProjectConfigurationPlatforms) = postSolution
		{3EDFA359-9568-46A0-8648-91B78B6BEFC1}.Debug|Any CPU.ActiveCfg = Debug|Any CPU
		{3EDFA359-9568-46A0-8648-91B78B6BEFC1}.Debug|Any CPU.Build.0 = Debug|Any CPU
		{3EDFA359-9568-46A0-8648-91B78B6BEFC1}.Release|Any CPU.ActiveCfg = Release|Any CPU
		{3EDFA359-9568-46A0-8648-91B78B6BEFC1}.Release|Any CPU.Build.0 = Release|Any CPU
		{9B2A0E46-ABE4-4E70-87F5-D7D3045D3D01}.Debug|Any CPU.ActiveCfg = Debug|Any CPU
		{9B2A0E46-ABE4-4E70-87F5-D7D3045D3D01}.Debug|Any CPU.Build.0 = Debug|Any CPU
		{9B2A0E46-ABE4-4E70-87F5-D7D3045D3D01}.Release|Any CPU.ActiveCfg = Release|Any CPU
		{9B2A0E46-ABE4-4E70-87F5-D7D3045D3D01}.Release|Any CPU.Build.0 = Release|Any CPU
		{9741988F-F898-4515-B3C4-B6630D9AA85F}.Debug|Any CPU.ActiveCfg = Debug|Any CPU
		{9741988F-F898-4515-B3C4-B6630D9AA85F}.Debug|Any CPU.Build.0 = Debug|Any CPU
		{9741988F-F898-4515-B3C4-B6630D9AA85F}.Release|Any CPU.ActiveCfg = Release|Any CPU
		{9741988F-F898-4515-B3C4-B6630D9AA85F}.Release|Any CPU.Build.0 = Release|Any CPU
		{B828185C-3065-4357-918D-26C896494A59}.Debug|Any CPU.ActiveCfg = Debug|Any CPU
		{B828185C-3065-4357-918D-26C896494A59}.Debug|Any CPU.Build.0 = Debug|Any CPU
		{B828185C-3065-4357-918D-26C896494A59}.Release|Any CPU.ActiveCfg = Release|Any CPU
		{B828185C-3065-4357-918D-26C896494A59}.Release|Any CPU.Build.0 = Release|Any CPU
		{949447D8-C2F4-4CF6-875A-5B3CBC6FC09B}.Debug|Any CPU.ActiveCfg = Debug|Any CPU
		{949447D8-C2F4-4CF6-875A-5B3CBC6FC09B}.Debug|Any CPU.Build.0 = Debug|Any CPU
		{949447D8-C2F4-4CF6-875A-5B3CBC6FC09B}.Release|Any CPU.ActiveCfg = Release|Any CPU
		{949447D8-C2F4-4CF6-875A-5B3CBC6FC09B}.Release|Any CPU.Build.0 = Release|Any CPU
		{493C4A92-A9CA-400F-9A88-911E904B66CB}.Debug|Any CPU.ActiveCfg = Debug|Any CPU
		{493C4A92-A9CA-400F-9A88-911E904B66CB}.Debug|Any CPU.Build.0 = Debug|Any CPU
		{493C4A92-A9CA-400F-9A88-911E904B66CB}.Release|Any CPU.ActiveCfg = Release|Any CPU
		{493C4A92-A9CA-400F-9A88-911E904B66CB}.Release|Any CPU.Build.0 = Release|Any CPU
	EndGlobalSection
	GlobalSection(SolutionProperties) = preSolution
		HideSolutionNode = FALSE
	EndGlobalSection
	GlobalSection(NestedProjects) = preSolution
		{3EDFA359-9568-46A0-8648-91B78B6BEFC1} = {5BD75C92-2E41-42B0-8E22-DBAAECE71DA4}
		{9B2A0E46-ABE4-4E70-87F5-D7D3045D3D01} = {8460F8A3-5575-4E9C-8629-ED7BE2D0DD4F}
		{9741988F-F898-4515-B3C4-B6630D9AA85F} = {34F9428A-DBC7-4B3C-9E78-7F3232A0F493}
		{B828185C-3065-4357-918D-26C896494A59} = {34F9428A-DBC7-4B3C-9E78-7F3232A0F493}
		{949447D8-C2F4-4CF6-875A-5B3CBC6FC09B} = {88F0AC29-4B48-4213-B002-AD976D8459F2}
		{493C4A92-A9CA-400F-9A88-911E904B66CB} = {34F9428A-DBC7-4B3C-9E78-7F3232A0F493}
	EndGlobalSection
	GlobalSection(ExtensibilityGlobals) = postSolution
		SolutionGuid = {9981F038-609F-41E8-AECD-91FFDFF6E967}
	EndGlobalSection
EndGlobal
